
Microsoft Visual Studio Solution File, Format Version 12.00
# Visual Studio Version 16
VisualStudioVersion = 16.0.30804.86
MinimumVisualStudioVersion = 10.0.40219.1
Project("{FAE04EC0-301F-11D3-BF4B-00C04F79EFBC}") = "process", "process\process.csproj", "{1F0FED17-6855-48C2-8F52-3A79D37E71F8}"
EndProject
Global
	GlobalSection(SolutionConfigurationPlatforms) = preSolution
		Debug|Any CPU = Debug|Any CPU
		Release|Any CPU = Release|Any CPU
	EndGlobalSection
	GlobalSection(ProjectConfigurationPlatforms) = postSolution
		{1F0FED17-6855-48C2-8F52-3A79D37E71F8}.Debug|Any CPU.ActiveCfg = Debug|Any CPU
		{1F0FED17-6855-48C2-8F52-3A79D37E71F8}.Debug|Any CPU.Build.0 = Debug|Any CPU
		{1F0FED17-6855-48C2-8F52-3A79D37E71F8}.Release|Any CPU.ActiveCfg = Release|Any CPU
		{1F0FED17-6855-48C2-8F52-3A79D37E71F8}.Release|Any CPU.Build.0 = Release|Any CPU
	EndGlobalSection
	GlobalSection(SolutionProperties) = preSolution
		HideSolutionNode = FALSE
	EndGlobalSection
	GlobalSection(ExtensibilityGlobals) = postSolution
		SolutionGuid = {F310CA15-19AF-4007-B1AD-FC477A7B6786}
	EndGlobalSection
EndGlobal
