
Microsoft Visual Studio Solution File, Format Version 12.00
# Visual Studio Version 17
VisualStudioVersion = 17.0.32002.185
MinimumVisualStudioVersion = 10.0.40219.1
Project("{9A19103F-16F7-4668-BE54-9A1E7A4F7556}") = "process", "process\process.csproj", "{1F0FED17-6855-48C2-8F52-3A79D37E71F8}"
EndProject
Project("{9A19103F-16F7-4668-BE54-9A1E7A4F7556}") = "Tests", "Tests\Tests.csproj", "{C11F9900-CD68-4F4E-BF23-83F689E734C6}"
EndProject
Project("{FAE04EC0-301F-11D3-BF4B-00C04F79EFBC}") = "CallPowershellUsingProcess", "CallPowershellUsingProcess\CallPowershellUsingProcess.csproj", "{46815DC3-2A78-4BCD-8179-0524F8EB0B50}"
EndProject
Global
	GlobalSection(SolutionConfigurationPlatforms) = preSolution
		Debug|Any CPU = Debug|Any CPU
		Release|Any CPU = Release|Any CPU
	EndGlobalSection
	GlobalSection(ProjectConfigurationPlatforms) = postSolution
		{1F0FED17-6855-48C2-8F52-3A79D37E71F8}.Debug|Any CPU.ActiveCfg = Debug|Any CPU
		{1F0FED17-6855-48C2-8F52-3A79D37E71F8}.Debug|Any CPU.Build.0 = Debug|Any CPU
		{1F0FED17-6855-48C2-8F52-3A79D37E71F8}.Release|Any CPU.ActiveCfg = Release|Any CPU
		{1F0FED17-6855-48C2-8F52-3A79D37E71F8}.Release|Any CPU.Build.0 = Release|Any CPU
		{C11F9900-CD68-4F4E-BF23-83F689E734C6}.Debug|Any CPU.ActiveCfg = Debug|Any CPU
		{C11F9900-CD68-4F4E-BF23-83F689E734C6}.Debug|Any CPU.Build.0 = Debug|Any CPU
		{C11F9900-CD68-4F4E-BF23-83F689E734C6}.Release|Any CPU.ActiveCfg = Release|Any CPU
		{C11F9900-CD68-4F4E-BF23-83F689E734C6}.Release|Any CPU.Build.0 = Release|Any CPU
		{46815DC3-2A78-4BCD-8179-0524F8EB0B50}.Debug|Any CPU.ActiveCfg = Debug|Any CPU
		{46815DC3-2A78-4BCD-8179-0524F8EB0B50}.Debug|Any CPU.Build.0 = Debug|Any CPU
		{46815DC3-2A78-4BCD-8179-0524F8EB0B50}.Release|Any CPU.ActiveCfg = Release|Any CPU
		{46815DC3-2A78-4BCD-8179-0524F8EB0B50}.Release|Any CPU.Build.0 = Release|Any CPU
	EndGlobalSection
	GlobalSection(SolutionProperties) = preSolution
		HideSolutionNode = FALSE
	EndGlobalSection
	GlobalSection(ExtensibilityGlobals) = postSolution
		SolutionGuid = {F310CA15-19AF-4007-B1AD-FC477A7B6786}
	EndGlobalSection
EndGlobal
